NeoBundleLock vimproc 9baa1ca5deeab9687b987b336507a9c531faa5f6
NeoBundleLock vimshell 524f1c577721be351e97f047942a87a8f2151482
NeoBundleLock vim-slime d549e80f33270d8f82a4d475e0e16cac6997fdcd
NeoBundleLock VimClojure 2a17c249571395a7f45523d38cac6a9326ecf8f1
NeoBundleLock neosnippet 811176b29b1a60a164c9878f8dcbe4a680ee32e5
NeoBundleLock neobundle.vim a4c2ce81f007144e34a7064325d55b94beb04f0d
NeoBundleLock neocomplcache 68f9aa84d32389ff4393d63ad9082ca2f768420f
NeoBundleLock syntastic 6de1559f339ec2f4ea094b6d3031ac9388e0d174
NeoBundleLock unite.vim ed765879071263968914d436e1f887e67abc89b1
